
Microsoft Visual Studio Solution File, Format Version 12.00
# Visual Studio Version 17
VisualStudioVersion = 17.3.32922.545
MinimumVisualStudioVersion = 10.0.40219.1
Project("{FAE04EC0-301F-11D3-BF4B-00C04F79EFBC}") = "BakuBusME", "BakuBusME.csproj", "{F025F0CB-F83B-43F1-863F-3636C1864A7A}"
EndProject
Global
	GlobalSection(SolutionConfigurationPlatforms) = preSolution
		Debug|Any CPU = Debug|Any CPU
		Release|Any CPU = Release|Any CPU
	EndGlobalSection
	GlobalSection(ProjectConfigurationPlatforms) = postSolution
		{F025F0CB-F83B-43F1-863F-3636C1864A7A}.Debug|Any CPU.ActiveCfg = Debug|Any CPU
		{F025F0CB-F83B-43F1-863F-3636C1864A7A}.Debug|Any CPU.Build.0 = Debug|Any CPU
		{F025F0CB-F83B-43F1-863F-3636C1864A7A}.Release|Any CPU.ActiveCfg = Release|Any CPU
		{F025F0CB-F83B-43F1-863F-3636C1864A7A}.Release|Any CPU.Build.0 = Release|Any CPU
	EndGlobalSection
	GlobalSection(SolutionProperties) = preSolution
		HideSolutionNode = FALSE
	EndGlobalSection
	GlobalSection(ExtensibilityGlobals) = postSolution
		SolutionGuid = {09F9B0F1-E727-49F4-A71F-20439118D8EB}
	EndGlobalSection
EndGlobal
